// !$*UTF8*$!
{
	archiveVersion = 1;
	classes = {
	};
	objectVersion = 46;
	objects = {

/* Begin PBXBuildFile section */
		CC23D0BD19DA115A00918B53 /* AppDelegate.swift in Sources */ = {isa = PBXBuildFile; fileRef = CC23D0BC19DA115A00918B53 /* AppDelegate.swift */; };
		CC23D0BF19DA115A00918B53 /* ViewController.swift in Sources */ = {isa = PBXBuildFile; fileRef = CC23D0BE19DA115A00918B53 /* ViewController.swift */; };
		CC23D0C219DA115A00918B53 /* Main.storyboard in Resources */ = {isa = PBXBuildFile; fileRef = CC23D0C019DA115A00918B53 /* Main.storyboard */; };
		CC23D0C419DA115A00918B53 /* Images.xcassets in Resources */ = {isa = PBXBuildFile; fileRef = CC23D0C319DA115A00918B53 /* Images.xcassets */; };
		CC23D0C719DA115A00918B53 /* LaunchScreen.xib in Resources */ = {isa = PBXBuildFile; fileRef = CC23D0C519DA115A00918B53 /* LaunchScreen.xib */; };
		CC23D0D319DA115A00918B53 /* TaskitTests.swift in Sources */ = {isa = PBXBuildFile; fileRef = CC23D0D219DA115A00918B53 /* TaskitTests.swift */; };
		CC3C83FB19DDF7BE00F5038B /* TaskCell.swift in Sources */ = {isa = PBXBuildFile; fileRef = CC3C83FA19DDF7BE00F5038B /* TaskCell.swift */; };
		CC608CE119EC4E5D00591C21 /* Private.swift in Sources */ = {isa = PBXBuildFile; fileRef = CC608CE019EC4E5D00591C21 /* Private.swift */; };
		CCF334AF19E4924A005512F3 /* AddTaskViewController.swift in Sources */ = {isa = PBXBuildFile; fileRef = CCF334AE19E4924A005512F3 /* AddTaskViewController.swift */; };
		CCFF18A219DEFF3B00AB2163 /* TaskModel.swift in Sources */ = {isa = PBXBuildFile; fileRef = CCFF18A119DEFF3B00AB2163 /* TaskModel.swift */; };
		CCFF197619E4776200AB2163 /* TaskDetailViewController.swift in Sources */ = {isa = PBXBuildFile; fileRef = CCFF197519E4776200AB2163 /* TaskDetailViewController.swift */; };
		CCFF197819E4896500AB2163 /* Date.swift in Sources */ = {isa = PBXBuildFile; fileRef = CCFF197719E4896500AB2163 /* Date.swift */; };
/* End PBXBuildFile section */

/* Begin PBXContainerItemProxy section */
		CC23D0CD19DA115A00918B53 /* PBXContainerItemProxy */ = {
			isa = PBXContainerItemProxy;
			containerPortal = CC23D0AF19DA115A00918B53 /* Project object */;
			proxyType = 1;
			remoteGlobalIDString = CC23D0B619DA115A00918B53;
			remoteInfo = Taskit;
		};
/* End PBXContainerItemProxy section */

/* Begin PBXFileReference section */
		CC23D0B719DA115A00918B53 /* Taskit.app */ = {isa = PBXFileReference; explicitFileType = wrapper.application; includeInIndex = 0; path = Taskit.app; sourceTree = BUILT_PRODUCTS_DIR; };
		CC23D0BB19DA115A00918B53 /* Info.plist */ = {isa = PBXFileReference; lastKnownFileType = text.plist.xml; path = Info.plist; sourceTree = "<group>"; };
		CC23D0BC19DA115A00918B53 /* AppDelegate.swift */ = {isa = PBXFileReference; lastKnownFileType = sourcecode.swift; path = AppDelegate.swift; sourceTree = "<group>"; };
		CC23D0BE19DA115A00918B53 /* ViewController.swift */ = {isa = PBXFileReference; lastKnownFileType = sourcecode.swift; path = ViewController.swift; sourceTree = "<group>"; };
		CC23D0C119DA115A00918B53 /* Base */ = {isa = PBXFileReference; lastKnownFileType = file.storyboard; name = Base; path = Base.lproj/Main.storyboard; sourceTree = "<group>"; };
		CC23D0C319DA115A00918B53 /* Images.xcassets */ = {isa = PBXFileReference; lastKnownFileType = folder.assetcatalog; path = Images.xcassets; sourceTree = "<group>"; };
		CC23D0C619DA115A00918B53 /* Base */ = {isa = PBXFileReference; lastKnownFileType = file.xib; name = Base; path = Base.lproj/LaunchScreen.xib; sourceTree = "<group>"; };
		CC23D0CC19DA115A00918B53 /* TaskitTests.xctest */ = {isa = PBXFileReference; explicitFileType = wrapper.cfbundle; includeInIndex = 0; path = TaskitTests.xctest; sourceTree = BUILT_PRODUCTS_DIR; };
		CC23D0D119DA115A00918B53 /* Info.plist */ = {isa = PBXFileReference; lastKnownFileType = text.plist.xml; path = Info.plist; sourceTree = "<group>"; };
		CC23D0D219DA115A00918B53 /* TaskitTests.swift */ = {isa = PBXFileReference; lastKnownFileType = sourcecode.swift; path = TaskitTests.swift; sourceTree = "<group>"; };
		CC3C83FA19DDF7BE00F5038B /* TaskCell.swift */ = {isa = PBXFileReference; fileEncoding = 4; lastKnownFileType = sourcecode.swift; name = TaskCell.swift; path = ../TaskCell.swift; sourceTree = "<group>"; };
		CC608CE019EC4E5D00591C21 /* Private.swift */ = {isa = PBXFileReference; fileEncoding = 4; lastKnownFileType = sourcecode.swift; path = Private.swift; sourceTree = "<group>"; };
		CCF334AE19E4924A005512F3 /* AddTaskViewController.swift */ = {isa = PBXFileReference; fileEncoding = 4; lastKnownFileType = sourcecode.swift; path = AddTaskViewController.swift; sourceTree = "<group>"; };
		CCFF18A119DEFF3B00AB2163 /* TaskModel.swift */ = {isa = PBXFileReference; fileEncoding = 4; lastKnownFileType = sourcecode.swift; path = TaskModel.swift; sourceTree = "<group>"; };
		CCFF197519E4776200AB2163 /* TaskDetailViewController.swift */ = {isa = PBXFileReference; fileEncoding = 4; lastKnownFileType = sourcecode.swift; path = TaskDetailViewController.swift; sourceTree = "<group>"; };
		CCFF197719E4896500AB2163 /* Date.swift */ = {isa = PBXFileReference; fileEncoding = 4; lastKnownFileType = sourcecode.swift; path = Date.swift; sourceTree = "<group>"; };
/* End PBXFileReference section */

/* Begin PBXFrameworksBuildPhase section */
		CC23D0B419DA115A00918B53 /* Frameworks */ = {
			isa = PBXFrameworksBuildPhase;
			buildActionMask = 2147483647;
			files = (
			);
			runOnlyForDeploymentPostprocessing = 0;
		};
		CC23D0C919DA115A00918B53 /* Frameworks */ = {
			isa = PBXFrameworksBuildPhase;
			buildActionMask = 2147483647;
			files = (
			);
			runOnlyForDeploymentPostprocessing = 0;
		};
/* End PBXFrameworksBuildPhase section */

/* Begin PBXGroup section */
		CC23D0AE19DA115A00918B53 = {
			isa = PBXGroup;
			children = (
				CC23D0B919DA115A00918B53 /* Taskit */,
				CC23D0CF19DA115A00918B53 /* TaskitTests */,
				CC23D0B819DA115A00918B53 /* Products */,
			);
			sourceTree = "<group>";
		};
		CC23D0B819DA115A00918B53 /* Products */ = {
			isa = PBXGroup;
			children = (
				CC23D0B719DA115A00918B53 /* Taskit.app */,
				CC23D0CC19DA115A00918B53 /* TaskitTests.xctest */,
			);
			name = Products;
			sourceTree = "<group>";
		};
		CC23D0B919DA115A00918B53 /* Taskit */ = {
			isa = PBXGroup;
			children = (
				CC23D0BC19DA115A00918B53 /* AppDelegate.swift */,
				CC23D0BE19DA115A00918B53 /* ViewController.swift */,
				CCFF197519E4776200AB2163 /* TaskDetailViewController.swift */,
				CCF334AE19E4924A005512F3 /* AddTaskViewController.swift */,
				CCFF18A119DEFF3B00AB2163 /* TaskModel.swift */,
				CC3C83FA19DDF7BE00F5038B /* TaskCell.swift */,
				CCFF197719E4896500AB2163 /* Date.swift */,
				CC608CE019EC4E5D00591C21 /* Private.swift */,
				CC23D0C019DA115A00918B53 /* Main.storyboard */,
				CC23D0C319DA115A00918B53 /* Images.xcassets */,
				CC23D0C519DA115A00918B53 /* LaunchScreen.xib */,
				CC23D0BA19DA115A00918B53 /* Supporting Files */,
			);
			path = Taskit;
			sourceTree = "<group>";
		};
		CC23D0BA19DA115A00918B53 /* Supporting Files */ = {
			isa = PBXGroup;
			children = (
				CC23D0BB19DA115A00918B53 /* Info.plist */,
			);
			name = "Supporting Files";
			sourceTree = "<group>";
		};
		CC23D0CF19DA115A00918B53 /* TaskitTests */ = {
			isa = PBXGroup;
			children = (
				CC23D0D219DA115A00918B53 /* TaskitTests.swift */,
				CC23D0D019DA115A00918B53 /* Supporting Files */,
			);
			path = TaskitTests;
			sourceTree = "<group>";
		};
		CC23D0D019DA115A00918B53 /* Supporting Files */ = {
			isa = PBXGroup;
			children = (
				CC23D0D119DA115A00918B53 /* Info.plist */,
			);
			name = "Supporting Files";
			sourceTree = "<group>";
		};
/* End PBXGroup section */

/* Begin PBXNativeTarget section */
		CC23D0B619DA115A00918B53 /* Taskit */ = {
			isa = PBXNativeTarget;
			buildConfigurationList = CC23D0D619DA115A00918B53 /* Build configuration list for PBXNativeTarget "Taskit" */;
			buildPhases = (
				CC23D0B319DA115A00918B53 /* Sources */,
				CC23D0B419DA115A00918B53 /* Frameworks */,
				CC23D0B519DA115A00918B53 /* Resources */,
			);
			buildRules = (
			);
			dependencies = (
			);
			name = Taskit;
			productName = Taskit;
			productReference = CC23D0B719DA115A00918B53 /* Taskit.app */;
			productType = "com.apple.product-type.application";
		};
		CC23D0CB19DA115A00918B53 /* TaskitTests */ = {
			isa = PBXNativeTarget;
			buildConfigurationList = CC23D0D919DA115A00918B53 /* Build configuration list for PBXNativeTarget "TaskitTests" */;
			buildPhases = (
				CC23D0C819DA115A00918B53 /* Sources */,
				CC23D0C919DA115A00918B53 /* Frameworks */,
				CC23D0CA19DA115A00918B53 /* Resources */,
			);
			buildRules = (
			);
			dependencies = (
				CC23D0CE19DA115A00918B53 /* PBXTargetDependency */,
			);
			name = TaskitTests;
			productName = TaskitTests;
			productReference = CC23D0CC19DA115A00918B53 /* TaskitTests.xctest */;
			productType = "com.apple.product-type.bundle.unit-test";
		};
/* End PBXNativeTarget section */

/* Begin PBXProject section */
		CC23D0AF19DA115A00918B53 /* Project object */ = {
			isa = PBXProject;
			attributes = {
				LastUpgradeCheck = 0600;
				ORGANIZATIONNAME = "Tom Brunkow";
				TargetAttributes = {
					CC23D0B619DA115A00918B53 = {
						CreatedOnToolsVersion = 6.0.1;
					};
					CC23D0CB19DA115A00918B53 = {
						CreatedOnToolsVersion = 6.0.1;
						TestTargetID = CC23D0B619DA115A00918B53;
					};
				};
			};
			buildConfigurationList = CC23D0B219DA115A00918B53 /* Build configuration list for PBXProject "Taskit" */;
			compatibilityVersion = "Xcode 3.2";
			developmentRegion = English;
			hasScannedForEncodings = 0;
			knownRegions = (
				en,
				Base,
			);
			mainGroup = CC23D0AE19DA115A00918B53;
			productRefGroup = CC23D0B819DA115A00918B53 /* Products */;
			projectDirPath = "";
			projectRoot = "";
			targets = (
				CC23D0B619DA115A00918B53 /* Taskit */,
				CC23D0CB19DA115A00918B53 /* TaskitTests */,
			);
		};
/* End PBXProject section */

/* Begin PBXResourcesBuildPhase section */
		CC23D0B519DA115A00918B53 /* Resources */ = {
			isa = PBXResourcesBuildPhase;
			buildActionMask = 2147483647;
			files = (
				CC23D0C219DA115A00918B53 /* Main.storyboard in Resources */,
				CC23D0C719DA115A00918B53 /* LaunchScreen.xib in Resources */,
				CC23D0C419DA115A00918B53 /* Images.xcassets in Resources */,
			);
			runOnlyForDeploymentPostprocessing = 0;
		};
		CC23D0CA19DA115A00918B53 /* Resources */ = {
			isa = PBXResourcesBuildPhase;
			buildActionMask = 2147483647;
			files = (
			);
			runOnlyForDeploymentPostprocessing = 0;
		};
/* End PBXResourcesBuildPhase section */

/* Begin PBXSourcesBuildPhase section */
		CC23D0B319DA115A00918B53 /* Sources */ = {
			isa = PBXSourcesBuildPhase;
			buildActionMask = 2147483647;
			files = (
				CC23D0BF19DA115A00918B53 /* ViewController.swift in Sources */,
				CCFF197819E4896500AB2163 /* Date.swift in Sources */,
				CC3C83FB19DDF7BE00F5038B /* TaskCell.swift in Sources */,
				CC608CE119EC4E5D00591C21 /* Private.swift in Sources */,
				CCFF18A219DEFF3B00AB2163 /* TaskModel.swift in Sources */,
				CC23D0BD19DA115A00918B53 /* AppDelegate.swift in Sources */,
				CCFF197619E4776200AB2163 /* TaskDetailViewController.swift in Sources */,
				CCF334AF19E4924A005512F3 /* AddTaskViewController.swift in Sources */,
			);
			runOnlyForDeploymentPostprocessing = 0;
		};
		CC23D0C819DA115A00918B53 /* Sources */ = {
			isa = PBXSourcesBuildPhase;
			buildActionMask = 2147483647;
			files = (
				CC23D0D319DA115A00918B53 /* TaskitTests.swift in Sources */,
			);
			runOnlyForDeploymentPostprocessing = 0;
		};
/* End PBXSourcesBuildPhase section */

/* Begin PBXTargetDependency section */
		CC23D0CE19DA115A00918B53 /* PBXTargetDependency */ = {
			isa = PBXTargetDependency;
			target = CC23D0B619DA115A00918B53 /* Taskit */;
			targetProxy = CC23D0CD19DA115A00918B53 /* PBXContainerItemProxy */;
		};
/* End PBXTargetDependency section */

/* Begin PBXVariantGroup section */
		CC23D0C019DA115A00918B53 /* Main.storyboard */ = {
			isa = PBXVariantGroup;
			children = (
				CC23D0C119DA115A00918B53 /* Base */,
			);
			name = Main.storyboard;
			sourceTree = "<group>";
		};
		CC23D0C519DA115A00918B53 /* LaunchScreen.xib */ = {
			isa = PBXVariantGroup;
			children = (
				CC23D0C619DA115A00918B53 /* Base */,
			);
			name = LaunchScreen.xib;
			sourceTree = "<group>";
		};
/* End PBXVariantGroup section */

/* Begin XCBuildConfiguration section */
		CC23D0D419DA115A00918B53 /* Debug */ = {
			isa = XCBuildConfiguration;
			buildSettings = {
				ALWAYS_SEARCH_USER_PATHS = NO;
				CLANG_CXX_LANGUAGE_STANDARD = "gnu++0x";
				CLANG_CXX_LIBRARY = "libc++";
				CLANG_ENABLE_MODULES = YES;
				CLANG_ENABLE_OBJC_ARC = YES;
				CLANG_WARN_BOOL_CONVERSION = YES;
				CLANG_WARN_CONSTANT_CONVERSION = YES;
				CLANG_WARN_DIRECT_OBJC_ISA_USAGE = YES_ERROR;
				CLANG_WARN_EMPTY_BODY = YES;
				CLANG_WARN_ENUM_CONVERSION = YES;
				CLANG_WARN_INT_CONVERSION = YES;
				CLANG_WARN_OBJC_ROOT_CLASS = YES_ERROR;
				CLANG_WARN_UNREACHABLE_CODE = YES;
				CLANG_WARN__DUPLICATE_METHOD_MATCH = YES;
				"CODE_SIGN_IDENTITY[sdk=iphoneos*]" = "iPhone Developer";
				COPY_PHASE_STRIP = NO;
				ENABLE_STRICT_OBJC_MSGSEND = YES;
				GCC_C_LANGUAGE_STANDARD = gnu99;
				GCC_DYNAMIC_NO_PIC = NO;
				GCC_OPTIMIZATION_LEVEL = 0;
				GCC_PREPROCESSOR_DEFINITIONS = (
					"DEBUG=1",
					"$(inherited)",
				);
				GCC_SYMBOLS_PRIVATE_EXTERN = NO;
				GCC_WARN_64_TO_32_BIT_CONVERSION = YES;
				GCC_WARN_ABOUT_RETURN_TYPE = YES_ERROR;
				GCC_WARN_UNDECLARED_SELECTOR = YES;
				GCC_WARN_UNINITIALIZED_AUTOS = YES_AGGRESSIVE;
				GCC_WARN_UNUSED_FUNCTION = YES;
				GCC_WARN_UNUSED_VARIABLE = YES;
				IPHONEOS_DEPLOYMENT_TARGET = 8.0;
				MTL_ENABLE_DEBUG_INFO = YES;
				ONLY_ACTIVE_ARCH = YES;
				SDKROOT = iphoneos;
				SWIFT_OPTIMIZATION_LEVEL = "-Onone";
				TARGETED_DEVICE_FAMILY = "1,2";
			};
			name = Debug;
		};
		CC23D0D519DA115A00918B53 /* Release */ = {
			isa = XCBuildConfiguration;
			buildSettings = {
				ALWAYS_SEARCH_USER_PATHS = NO;
				CLANG_CXX_LANGUAGE_STANDARD = "gnu++0x";
				CLANG_CXX_LIBRARY = "libc++";
				CLANG_ENABLE_MODULES = YES;
				CLANG_ENABLE_OBJC_ARC = YES;
				CLANG_WARN_BOOL_CONVERSION = YES;
				CLANG_WARN_CONSTANT_CONVERSION = YES;
				CLANG_WARN_DIRECT_OBJC_ISA_USAGE = YES_ERROR;
				CLANG_WARN_EMPTY_BODY = YES;
				CLANG_WARN_ENUM_CONVERSION = YES;
				CLANG_WARN_INT_CONVERSION = YES;
				CLANG_WARN_OBJC_ROOT_CLASS = YES_ERROR;
				CLANG_WARN_UNREACHABLE_CODE = YES;
				CLANG_WARN__DUPLICATE_METHOD_MATCH = YES;
				"CODE_SIGN_IDENTITY[sdk=iphoneos*]" = "iPhone Developer";
				COPY_PHASE_STRIP = YES;
				ENABLE_NS_ASSERTIONS = NO;
				ENABLE_STRICT_OBJC_MSGSEND = YES;
				GCC_C_LANGUAGE_STANDARD = gnu99;
				GCC_WARN_64_TO_32_BIT_CONVERSION = YES;
				GCC_WARN_ABOUT_RETURN_TYPE = YES_ERROR;
				GCC_WARN_UNDECLARED_SELECTOR = YES;
				GCC_WARN_UNINITIALIZED_AUTOS = YES_AGGRESSIVE;
				GCC_WARN_UNUSED_FUNCTION = YES;
				GCC_WARN_UNUSED_VARIABLE = YES;
				IPHONEOS_DEPLOYMENT_TARGET = 8.0;
				MTL_ENABLE_DEBUG_INFO = NO;
				SDKROOT = iphoneos;
				TARGETED_DEVICE_FAMILY = "1,2";
				VALIDATE_PRODUCT = YES;
			};
			name = Release;
		};
		CC23D0D719DA115A00918B53 /* Debug */ = {
			isa = XCBuildConfiguration;
			buildSettings = {
				ASSETCATALOG_COMPILER_APPICON_NAME = AppIcon;
				INFOPLIST_FILE = Taskit/Info.plist;
				LD_RUNPATH_SEARCH_PATHS = "$(inherited) @executable_path/Frameworks";
				PRODUCT_NAME = "$(TARGET_NAME)";
			};
			name = Debug;
		};
		CC23D0D819DA115A00918B53 /* Release */ = {
			isa = XCBuildConfiguration;
			buildSettings = {
				ASSETCATALOG_COMPILER_APPICON_NAME = AppIcon;
				INFOPLIST_FILE = Taskit/Info.plist;
				LD_RUNPATH_SEARCH_PATHS = "$(inherited) @executable_path/Frameworks";
				PRODUCT_NAME = "$(TARGET_NAME)";
			};
			name = Release;
		};
		CC23D0DA19DA115A00918B53 /* Debug */ = {
			isa = XCBuildConfiguration;
			buildSettings = {
				BUNDLE_LOADER = "$(TEST_HOST)";
				FRAMEWORK_SEARCH_PATHS = (
					"$(SDKROOT)/Developer/Library/Frameworks",
					"$(inherited)",
				);
				GCC_PREPROCESSOR_DEFINITIONS = (
					"DEBUG=1",
					"$(inherited)",
				);
				INFOPLIST_FILE = TaskitTests/Info.plist;
				LD_RUNPATH_SEARCH_PATHS = "$(inherited) @executable_path/Frameworks @loader_path/Frameworks";
				PRODUCT_NAME = "$(TARGET_NAME)";
				TEST_HOST = "$(BUILT_PRODUCTS_DIR)/Taskit.app/Taskit";
			};
			name = Debug;
		};
		CC23D0DB19DA115A00918B53 /* Release */ = {
			isa = XCBuildConfiguration;
			buildSettings = {
				BUNDLE_LOADER = "$(TEST_HOST)";
				FRAMEWORK_SEARCH_PATHS = (
					"$(SDKROOT)/Developer/Library/Frameworks",
					"$(inherited)",
				);
				INFOPLIST_FILE = TaskitTests/Info.plist;
				LD_RUNPATH_SEARCH_PATHS = "$(inherited) @executable_path/Frameworks @loader_path/Frameworks";
				PRODUCT_NAME = "$(TARGET_NAME)";
				TEST_HOST = "$(BUILT_PRODUCTS_DIR)/Taskit.app/Taskit";
			};
			name = Release;
		};
/* End XCBuildConfiguration section */

/* Begin XCConfigurationList section */
		CC23D0B219DA115A00918B53 /* Build configuration list for PBXProject "Taskit" */ = {
			isa = XCConfigurationList;
			buildConfigurations = (
				CC23D0D419DA115A00918B53 /* Debug */,
				CC23D0D519DA115A00918B53 /* Release */,
			);
			defaultConfigurationIsVisible = 0;
			defaultConfigurationName = Release;
		};
		CC23D0D619DA115A00918B53 /* Build configuration list for PBXNativeTarget "Taskit" */ = {
			isa = XCConfigurationList;
			buildConfigurations = (
				CC23D0D719DA115A00918B53 /* Debug */,
				CC23D0D819DA115A00918B53 /* Release */,
			);
			defaultConfigurationIsVisible = 0;
			defaultConfigurationName = Release;
		};
		CC23D0D919DA115A00918B53 /* Build configuration list for PBXNativeTarget "TaskitTests" */ = {
			isa = XCConfigurationList;
			buildConfigurations = (
				CC23D0DA19DA115A00918B53 /* Debug */,
				CC23D0DB19DA115A00918B53 /* Release */,
			);
			defaultConfigurationIsVisible = 0;
			defaultConfigurationName = Release;
		};
/* End XCConfigurationList section */
	};
	rootObject = CC23D0AF19DA115A00918B53 /* Project object */;
}
